
Microsoft Visual Studio Solution File, Format Version 12.00
# Visual Studio Version 17
VisualStudioVersion = 17.10.35004.147
MinimumVisualStudioVersion = 10.0.40219.1
Project("{FAE04EC0-301F-11D3-BF4B-00C04F79EFBC}") = "WebProjectAssignment", "WebProjectAssignment\WebProjectAssignment.csproj", "{970CE384-814A-4223-8633-3869BFE47D5B}"
EndProject
Global
	GlobalSection(SolutionConfigurationPlatforms) = preSolution
		Debug|Any CPU = Debug|Any CPU
		Release|Any CPU = Release|Any CPU
	EndGlobalSection
	GlobalSection(ProjectConfigurationPlatforms) = postSolution
		{970CE384-814A-4223-8633-3869BFE47D5B}.Debug|Any CPU.ActiveCfg = Debug|Any CPU
		{970CE384-814A-4223-8633-3869BFE47D5B}.Debug|Any CPU.Build.0 = Debug|Any CPU
		{970CE384-814A-4223-8633-3869BFE47D5B}.Release|Any CPU.ActiveCfg = Release|Any CPU
		{970CE384-814A-4223-8633-3869BFE47D5B}.Release|Any CPU.Build.0 = Release|Any CPU
	EndGlobalSection
	GlobalSection(SolutionProperties) = preSolution
		HideSolutionNode = FALSE
	EndGlobalSection
	GlobalSection(ExtensibilityGlobals) = postSolution
		SolutionGuid = {A8A588C8-855A-4F1D-A201-4E9AD43C5610}
	EndGlobalSection
EndGlobal
